
Microsoft Visual Studio Solution File, Format Version 12.00
# Visual Studio Version 17
VisualStudioVersion = 17.13.35806.99 d17.13
MinimumVisualStudioVersion = 10.0.40219.1
Project("{FAE04EC0-301F-11D3-BF4B-00C04F79EFBC}") = "ODataEx", "ODataEx.csproj", "{E2C77544-1DA4-4A82-A23F-E58959FB9F4C}"
EndProject
Global
	GlobalSection(SolutionConfigurationPlatforms) = preSolution
		Debug|Any CPU = Debug|Any CPU
		Release|Any CPU = Release|Any CPU
	EndGlobalSection
	GlobalSection(ProjectConfigurationPlatforms) = postSolution
		{E2C77544-1DA4-4A82-A23F-E58959FB9F4C}.Debug|Any CPU.ActiveCfg = Debug|Any CPU
		{E2C77544-1DA4-4A82-A23F-E58959FB9F4C}.Debug|Any CPU.Build.0 = Debug|Any CPU
		{E2C77544-1DA4-4A82-A23F-E58959FB9F4C}.Release|Any CPU.ActiveCfg = Release|Any CPU
		{E2C77544-1DA4-4A82-A23F-E58959FB9F4C}.Release|Any CPU.Build.0 = Release|Any CPU
	EndGlobalSection
	GlobalSection(SolutionProperties) = preSolution
		HideSolutionNode = FALSE
	EndGlobalSection
	GlobalSection(ExtensibilityGlobals) = postSolution
		SolutionGuid = {B4519719-9DF9-421F-86C8-A201B7DE7B9E}
	EndGlobalSection
EndGlobal
